
Microsoft Visual Studio Solution File, Format Version 12.00
# Visual Studio Version 16
VisualStudioVersion = 16.0.30225.117
MinimumVisualStudioVersion = 10.0.40219.1
Project("{FAE04EC0-301F-11D3-BF4B-00C04F79EFBC}") = "SearchWeb", "SearchWeb\SearchWeb.csproj", "{332BBE71-30DC-45BF-A55C-BFA1C6B55A7B}"
EndProject
Global
	GlobalSection(SolutionConfigurationPlatforms) = preSolution
		Debug|Any CPU = Debug|Any CPU
		Release|Any CPU = Release|Any CPU
	EndGlobalSection
	GlobalSection(ProjectConfigurationPlatforms) = postSolution
		{332BBE71-30DC-45BF-A55C-BFA1C6B55A7B}.Debug|Any CPU.ActiveCfg = Debug|Any CPU
		{332BBE71-30DC-45BF-A55C-BFA1C6B55A7B}.Debug|Any CPU.Build.0 = Debug|Any CPU
		{332BBE71-30DC-45BF-A55C-BFA1C6B55A7B}.Release|Any CPU.ActiveCfg = Release|Any CPU
		{332BBE71-30DC-45BF-A55C-BFA1C6B55A7B}.Release|Any CPU.Build.0 = Release|Any CPU
	EndGlobalSection
	GlobalSection(SolutionProperties) = preSolution
		HideSolutionNode = FALSE
	EndGlobalSection
	GlobalSection(ExtensibilityGlobals) = postSolution
		SolutionGuid = {5F7F586C-F6BF-42AF-8B38-07A49DEF9289}
	EndGlobalSection
EndGlobal
